
Microsoft Visual Studio Solution File, Format Version 12.00
# Visual Studio Version 17
VisualStudioVersion = 17.2.32526.322
MinimumVisualStudioVersion = 10.0.40219.1
Project("{FAE04EC0-301F-11D3-BF4B-00C04F79EFBC}") = "HostBuilder-with-DI-example", "HostBuilder-with-DI-example\HostBuilder-with-DI-example.csproj", "{DE6F378B-7E43-4D8F-B9F7-74DE38457D44}"
EndProject
Global
	GlobalSection(SolutionConfigurationPlatforms) = preSolution
		Debug|Any CPU = Debug|Any CPU
		Release|Any CPU = Release|Any CPU
	EndGlobalSection
	GlobalSection(ProjectConfigurationPlatforms) = postSolution
		{DE6F378B-7E43-4D8F-B9F7-74DE38457D44}.Debug|Any CPU.ActiveCfg = Debug|Any CPU
		{DE6F378B-7E43-4D8F-B9F7-74DE38457D44}.Debug|Any CPU.Build.0 = Debug|Any CPU
		{DE6F378B-7E43-4D8F-B9F7-74DE38457D44}.Release|Any CPU.ActiveCfg = Release|Any CPU
		{DE6F378B-7E43-4D8F-B9F7-74DE38457D44}.Release|Any CPU.Build.0 = Release|Any CPU
	EndGlobalSection
	GlobalSection(SolutionProperties) = preSolution
		HideSolutionNode = FALSE
	EndGlobalSection
	GlobalSection(ExtensibilityGlobals) = postSolution
		SolutionGuid = {A6BBA613-B3E7-44B7-B0EC-E8A8345F1C5C}
	EndGlobalSection
EndGlobal
